
Microsoft Visual Studio Solution File, Format Version 12.00
# Visual Studio Version 16
VisualStudioVersion = 16.0.29728.190
MinimumVisualStudioVersion = 10.0.40219.1
Project("{FAE04EC0-301F-11D3-BF4B-00C04F79EFBC}") = "EFCoreCodeFirstSample", "EFCoreCodeFirstSample\EFCoreCodeFirstSample.csproj", "{37137CB2-C1C2-48AA-B1A8-4D7DB5C7995D}"
EndProject
Global
	GlobalSection(SolutionConfigurationPlatforms) = preSolution
		Debug|Any CPU = Debug|Any CPU
		Release|Any CPU = Release|Any CPU
	EndGlobalSection
	GlobalSection(ProjectConfigurationPlatforms) = postSolution
		{37137CB2-C1C2-48AA-B1A8-4D7DB5C7995D}.Debug|Any CPU.ActiveCfg = Debug|Any CPU
		{37137CB2-C1C2-48AA-B1A8-4D7DB5C7995D}.Debug|Any CPU.Build.0 = Debug|Any CPU
		{37137CB2-C1C2-48AA-B1A8-4D7DB5C7995D}.Release|Any CPU.ActiveCfg = Release|Any CPU
		{37137CB2-C1C2-48AA-B1A8-4D7DB5C7995D}.Release|Any CPU.Build.0 = Release|Any CPU
	EndGlobalSection
	GlobalSection(SolutionProperties) = preSolution
		HideSolutionNode = FALSE
	EndGlobalSection
	GlobalSection(ExtensibilityGlobals) = postSolution
		SolutionGuid = {983E2DC4-10B2-4B6D-B366-1929C26AFE9B}
	EndGlobalSection
EndGlobal
